<?xml version="1.0" encoding="utf-8"?>
<Project ToolsVersion="4.0" xmlns="http://schemas.microsoft.com/developer/msbuild/2003">
  <ItemGroup>
    <Filter Include="Source Files">
      <UniqueIdentifier>{4FC737F1-C7A5-4376-A066-2A32D752A2FF}</UniqueIdentifier>
      <Extensions>cpp;c;cc;cxx;def;odl;idl;hpj;bat;asm;asmx</Extensions>
    </Filter>
    <Filter Include="Header Files">
      <UniqueIdentifier>{93995380-89BD-4b04-88EB-625FBE52EBFB}</UniqueIdentifier>
      <Extensions>h;hh;hpp;hxx;hm;inl;inc;ipp;xsd</Extensions>
    </Filter>
    <Filter Include="Resource Files">
      <UniqueIdentifier>{67DA6AB6-F800-4c08-8B7A-83BB121AAD01}</UniqueIdentifier>
      <Extensions>rc;ico;cur;bmp;dlg;rc2;rct;bin;rgs;gif;jpg;jpeg;jpe;resx;tiff;tif;png;wav;mfcribbon-ms</Extensions>
    </Filter>
    <Filter Include="Utility Files">
      <UniqueIdentifier>{75893c28-f743-4294-971e-2b0803beb0a3}</UniqueIdentifier>
    </Filter>
    <Filter Include="Utility Files\Source Files">
      <UniqueIdentifier>{155f5943-bc74-4642-991b-7462c7503ef3}</UniqueIdentifier>
    </Filter>
    <Filter Include="Utility Files\Header Files">
      <UniqueIdentifier>{12dbf2c1-8959-4aa2-b468-9a1cc091edc9}</UniqueIdentifier>
    </Filter>
    <Filter Include="Rendering">
      <UniqueIdentifier>{65ae357c-6aef-4665-b586-d0adafa17eac}</UniqueIdentifier>
    </Filter>
    <Filter Include="Rendering\Base">
      <UniqueIdentifier>{5c36aca0-3727-43c7-b123-36ddb6aafa76}</UniqueIdentifier>
    </Filter>
    <Filter Include="Rendering\Base\Source">
      <UniqueIdentifier>{d7452a1a-21c0-4cea-9c85-d5451e711270}</UniqueIdentifier>
    </Filter>
    <Filter Include="Rendering\Base\Headers">
      <UniqueIdentifier>{aa53dd49-d8de-4d6d-ab10-2b2752cddf0c}</UniqueIdentifier>
    </Filter>
    <Filter Include="Rendering\Shapes">
      <UniqueIdentifier>{08caecb1-aea0-4406-8243-b6178aa75507}</UniqueIdentifier>
    </Filter>
    <Filter Include="Rendering\Shapes\Headers">
      <UniqueIdentifier>{c2bafa35-04dd-48d2-93bd-a6c0fa004ce2}</UniqueIdentifier>
    </Filter>
    <Filter Include="Rendering\Shapes\Source">
      <UniqueIdentifier>{d0b53c37-c7a0-43eb-99e6-755ee5e06887}</UniqueIdentifier>
    </Filter>
  </ItemGroup>
  <ItemGroup>
    <ClCompile Include="Capstone2020FateEngine.cpp">
      <Filter>Source Files</Filter>
    </ClCompile>
    <ClCompile Include="util\Source\glfwUtil.cpp">
      <Filter>Utility Files\Source Files</Filter>
    </ClCompile>
    <ClCompile Include="util\Source\shaderUtil.cpp">
      <Filter>Utility Files\Source Files</Filter>
    </ClCompile>
    <ClCompile Include="util\Source\imageUtil.cpp">
      <Filter>Utility Files\Source Files</Filter>
    </ClCompile>
    <ClCompile Include="render\base\source\baseRender.cpp">
      <Filter>Rendering\Base\Source</Filter>
    </ClCompile>
    <ClCompile Include="render\shapes\source\quad.cpp">
      <Filter>Rendering\Shapes\Source</Filter>
    </ClCompile>
  </ItemGroup>
  <ItemGroup>
    <None Include="packages.config" />
  </ItemGroup>
  <ItemGroup>
    <ClInclude Include="util\Headers\glfwUtil.hpp">
      <Filter>Utility Files\Header Files</Filter>
    </ClInclude>
    <ClInclude Include="util\Headers\shaderUtil.hpp">
      <Filter>Utility Files\Header Files</Filter>
    </ClInclude>
    <ClInclude Include="util\Headers\imageUtil.hpp">
      <Filter>Utility Files\Header Files</Filter>
    </ClInclude>
    <ClInclude Include="render\base\header\baseRender.hpp">
      <Filter>Rendering\Base\Headers</Filter>
    </ClInclude>
    <ClInclude Include="render\shapes\header\quad.hpp">
      <Filter>Rendering\Shapes\Headers</Filter>
    </ClInclude>
  </ItemGroup>
</Project>